
Microsoft Visual Studio Solution File, Format Version 12.00
# Visual Studio Version 17
VisualStudioVersion = 17.5.33530.505
MinimumVisualStudioVersion = 10.0.40219.1
Project("{9A19103F-16F7-4668-BE54-9A1E7A4F7556}") = "StatePerformanceTesting", "StatePerformanceTesting\StatePerformanceTesting.csproj", "{8DFCC698-55FF-444B-B907-2D7F6CE9DCD0}"
EndProject
Project("{E53339B2-1760-4266-BCC7-CA923CBCF16C}") = "Docker Compose", "Compose\Docker Compose.dcproj", "{07FF2C52-2B54-41EA-82B0-69FB580C4F6C}"
EndProject
Global
	GlobalSection(SolutionConfigurationPlatforms) = preSolution
		Debug|Any CPU = Debug|Any CPU
		Release|Any CPU = Release|Any CPU
	EndGlobalSection
	GlobalSection(ProjectConfigurationPlatforms) = postSolution
		{8DFCC698-55FF-444B-B907-2D7F6CE9DCD0}.Debug|Any CPU.ActiveCfg = Debug|Any CPU
		{8DFCC698-55FF-444B-B907-2D7F6CE9DCD0}.Debug|Any CPU.Build.0 = Debug|Any CPU
		{8DFCC698-55FF-444B-B907-2D7F6CE9DCD0}.Release|Any CPU.ActiveCfg = Release|Any CPU
		{8DFCC698-55FF-444B-B907-2D7F6CE9DCD0}.Release|Any CPU.Build.0 = Release|Any CPU
		{07FF2C52-2B54-41EA-82B0-69FB580C4F6C}.Debug|Any CPU.ActiveCfg = Debug|Any CPU
		{07FF2C52-2B54-41EA-82B0-69FB580C4F6C}.Debug|Any CPU.Build.0 = Debug|Any CPU
		{07FF2C52-2B54-41EA-82B0-69FB580C4F6C}.Release|Any CPU.ActiveCfg = Release|Any CPU
		{07FF2C52-2B54-41EA-82B0-69FB580C4F6C}.Release|Any CPU.Build.0 = Release|Any CPU
	EndGlobalSection
	GlobalSection(SolutionProperties) = preSolution
		HideSolutionNode = FALSE
	EndGlobalSection
	GlobalSection(ExtensibilityGlobals) = postSolution
		SolutionGuid = {0B91654B-E703-4DDC-A0E0-63F276A679E9}
	EndGlobalSection
EndGlobal
